
Microsoft Visual Studio Solution File, Format Version 12.00
# Visual Studio Version 16
VisualStudioVersion = 16.0.31402.337
MinimumVisualStudioVersion = 10.0.40219.1
Project("{FAE04EC0-301F-11D3-BF4B-00C04F79EFBC}") = "Ejercicio 4 Recursion", "Ejercicio 4 Recursion\Ejercicio 4 Recursion.csproj", "{6753B5B2-0C3B-441C-B38B-69D8359E7300}"
EndProject
Global
	GlobalSection(SolutionConfigurationPlatforms) = preSolution
		Debug|Any CPU = Debug|Any CPU
		Release|Any CPU = Release|Any CPU
	EndGlobalSection
	GlobalSection(ProjectConfigurationPlatforms) = postSolution
		{6753B5B2-0C3B-441C-B38B-69D8359E7300}.Debug|Any CPU.ActiveCfg = Debug|Any CPU
		{6753B5B2-0C3B-441C-B38B-69D8359E7300}.Debug|Any CPU.Build.0 = Debug|Any CPU
		{6753B5B2-0C3B-441C-B38B-69D8359E7300}.Release|Any CPU.ActiveCfg = Release|Any CPU
		{6753B5B2-0C3B-441C-B38B-69D8359E7300}.Release|Any CPU.Build.0 = Release|Any CPU
	EndGlobalSection
	GlobalSection(SolutionProperties) = preSolution
		HideSolutionNode = FALSE
	EndGlobalSection
	GlobalSection(ExtensibilityGlobals) = postSolution
		SolutionGuid = {E556688B-0F95-4B73-8BD5-B9A14C3B314C}
	EndGlobalSection
EndGlobal
